
Microsoft Visual Studio Solution File, Format Version 12.00
# Visual Studio 15
VisualStudioVersion = 15.0.28307.572
MinimumVisualStudioVersion = 10.0.40219.1
Project("{FAE04EC0-301F-11D3-BF4B-00C04F79EFBC}") = "WpfApp1", "WpfApp1\WpfApp1.csproj", "{7D6B38AE-9BC3-4365-9A81-B4DEE638D099}"
EndProject
Global
	GlobalSection(SolutionConfigurationPlatforms) = preSolution
		Debug|Any CPU = Debug|Any CPU
		Release|Any CPU = Release|Any CPU
	EndGlobalSection
	GlobalSection(ProjectConfigurationPlatforms) = postSolution
		{7D6B38AE-9BC3-4365-9A81-B4DEE638D099}.Debug|Any CPU.ActiveCfg = Debug|Any CPU
		{7D6B38AE-9BC3-4365-9A81-B4DEE638D099}.Debug|Any CPU.Build.0 = Debug|Any CPU
		{7D6B38AE-9BC3-4365-9A81-B4DEE638D099}.Release|Any CPU.ActiveCfg = Release|Any CPU
		{7D6B38AE-9BC3-4365-9A81-B4DEE638D099}.Release|Any CPU.Build.0 = Release|Any CPU
	EndGlobalSection
	GlobalSection(SolutionProperties) = preSolution
		HideSolutionNode = FALSE
	EndGlobalSection
	GlobalSection(ExtensibilityGlobals) = postSolution
		SolutionGuid = {AAE1D70A-7D93-477D-B0B0-C08003204616}
	EndGlobalSection
EndGlobal
